
Microsoft Visual Studio Solution File, Format Version 12.00
# Visual Studio Version 17
VisualStudioVersion = 17.11.35327.3
MinimumVisualStudioVersion = 10.0.40219.1
Project("{9A19103F-16F7-4668-BE54-9A1E7A4F7556}") = "AppForSpiff", "AppForSpiff\AppForSpiff\AppForSpiff.csproj", "{1805AA7A-BBA8-4A5F-969B-1ADF73692DC2}"
EndProject
Project("{9A19103F-16F7-4668-BE54-9A1E7A4F7556}") = "AppForSpiff.Client", "AppForSpiff\AppForSpiff.Client\AppForSpiff.Client.csproj", "{B55F965E-051C-4337-8D50-5C1F1904D744}"
EndProject
Project("{2150E333-8FDC-42A3-9474-1A3956D46DE8}") = "ChatbotAPI", "ChatbotAPI", "{419A76AE-A142-4D59-AF37-007FAC753A62}"
	ProjectSection(SolutionItems) = preProject
		chatbot_api.py = chatbot_api.py
		knowledge_base.json = knowledge_base.json
	EndProjectSection
EndProject
Global
	GlobalSection(SolutionConfigurationPlatforms) = preSolution
		Debug|Any CPU = Debug|Any CPU
		Release|Any CPU = Release|Any CPU
	EndGlobalSection
	GlobalSection(ProjectConfigurationPlatforms) = postSolution
		{1805AA7A-BBA8-4A5F-969B-1ADF73692DC2}.Debug|Any CPU.ActiveCfg = Debug|Any CPU
		{1805AA7A-BBA8-4A5F-969B-1ADF73692DC2}.Debug|Any CPU.Build.0 = Debug|Any CPU
		{1805AA7A-BBA8-4A5F-969B-1ADF73692DC2}.Release|Any CPU.ActiveCfg = Release|Any CPU
		{1805AA7A-BBA8-4A5F-969B-1ADF73692DC2}.Release|Any CPU.Build.0 = Release|Any CPU
		{B55F965E-051C-4337-8D50-5C1F1904D744}.Debug|Any CPU.ActiveCfg = Debug|Any CPU
		{B55F965E-051C-4337-8D50-5C1F1904D744}.Debug|Any CPU.Build.0 = Debug|Any CPU
		{B55F965E-051C-4337-8D50-5C1F1904D744}.Release|Any CPU.ActiveCfg = Release|Any CPU
		{B55F965E-051C-4337-8D50-5C1F1904D744}.Release|Any CPU.Build.0 = Release|Any CPU
	EndGlobalSection
	GlobalSection(SolutionProperties) = preSolution
		HideSolutionNode = FALSE
	EndGlobalSection
	GlobalSection(ExtensibilityGlobals) = postSolution
		SolutionGuid = {21F3D611-221D-4C12-AE81-3FE54805CDC5}
	EndGlobalSection
EndGlobal
